
Microsoft Visual Studio Solution File, Format Version 12.00
# Visual Studio Version 16
VisualStudioVersion = 16.0.31702.278
MinimumVisualStudioVersion = 10.0.40219.1
Project("{FAE04EC0-301F-11D3-BF4B-00C04F79EFBC}") = "NeuronNetworkLibrary", "NeuronNetworkLibrary\NeuronNetworkLibrary.csproj", "{CC634531-FEE7-4697-B8C2-318A7CB28E0C}"
EndProject
Project("{FAE04EC0-301F-11D3-BF4B-00C04F79EFBC}") = "ConsoleTest", "..\09.03.22\Func2Op\ConsoleTest\ConsoleTest.csproj", "{1ADE6CC0-E644-4844-A506-04B55ECB24AE}"
EndProject
Global
	GlobalSection(SolutionConfigurationPlatforms) = preSolution
		Debug|Any CPU = Debug|Any CPU
		Release|Any CPU = Release|Any CPU
	EndGlobalSection
	GlobalSection(ProjectConfigurationPlatforms) = postSolution
		{CC634531-FEE7-4697-B8C2-318A7CB28E0C}.Debug|Any CPU.ActiveCfg = Debug|Any CPU
		{CC634531-FEE7-4697-B8C2-318A7CB28E0C}.Debug|Any CPU.Build.0 = Debug|Any CPU
		{CC634531-FEE7-4697-B8C2-318A7CB28E0C}.Release|Any CPU.ActiveCfg = Release|Any CPU
		{CC634531-FEE7-4697-B8C2-318A7CB28E0C}.Release|Any CPU.Build.0 = Release|Any CPU
		{1ADE6CC0-E644-4844-A506-04B55ECB24AE}.Debug|Any CPU.ActiveCfg = Debug|Any CPU
		{1ADE6CC0-E644-4844-A506-04B55ECB24AE}.Debug|Any CPU.Build.0 = Debug|Any CPU
		{1ADE6CC0-E644-4844-A506-04B55ECB24AE}.Release|Any CPU.ActiveCfg = Release|Any CPU
		{1ADE6CC0-E644-4844-A506-04B55ECB24AE}.Release|Any CPU.Build.0 = Release|Any CPU
	EndGlobalSection
	GlobalSection(SolutionProperties) = preSolution
		HideSolutionNode = FALSE
	EndGlobalSection
	GlobalSection(ExtensibilityGlobals) = postSolution
		SolutionGuid = {906A2BCC-95F6-4E60-B08A-0235373FB145}
	EndGlobalSection
EndGlobal
