
Microsoft Visual Studio Solution File, Format Version 12.00
# Visual Studio Version 16
VisualStudioVersion = 16.0.31702.278
MinimumVisualStudioVersion = 10.0.40219.1
Project("{FAE04EC0-301F-11D3-BF4B-00C04F79EFBC}") = "NeuronNetworkLibrary", "NeuronNetworkLibrary\NeuronNetworkLibrary.csproj", "{CC634531-FEE7-4697-B8C2-318A7CB28E0C}"
EndProject
Project("{FAE04EC0-301F-11D3-BF4B-00C04F79EFBC}") = "ConsoleTests", "ConsoleTests\ConsoleTests.csproj", "{0E26E85D-41FB-4422-AA23-BC0B474862E6}"
	ProjectSection(ProjectDependencies) = postProject
		{CC634531-FEE7-4697-B8C2-318A7CB28E0C} = {CC634531-FEE7-4697-B8C2-318A7CB28E0C}
	EndProjectSection
EndProject
Project("{FAE04EC0-301F-11D3-BF4B-00C04F79EFBC}") = "AIShower", "AIShower\AIShower.csproj", "{46CCD34F-2EB9-4443-A05D-99DA158A5179}"
EndProject
Global
	GlobalSection(SolutionConfigurationPlatforms) = preSolution
		Debug|Any CPU = Debug|Any CPU
		Release|Any CPU = Release|Any CPU
	EndGlobalSection
	GlobalSection(ProjectConfigurationPlatforms) = postSolution
		{CC634531-FEE7-4697-B8C2-318A7CB28E0C}.Debug|Any CPU.ActiveCfg = Debug|Any CPU
		{CC634531-FEE7-4697-B8C2-318A7CB28E0C}.Debug|Any CPU.Build.0 = Debug|Any CPU
		{CC634531-FEE7-4697-B8C2-318A7CB28E0C}.Release|Any CPU.ActiveCfg = Release|Any CPU
		{CC634531-FEE7-4697-B8C2-318A7CB28E0C}.Release|Any CPU.Build.0 = Release|Any CPU
		{0E26E85D-41FB-4422-AA23-BC0B474862E6}.Debug|Any CPU.ActiveCfg = Debug|Any CPU
		{0E26E85D-41FB-4422-AA23-BC0B474862E6}.Debug|Any CPU.Build.0 = Debug|Any CPU
		{0E26E85D-41FB-4422-AA23-BC0B474862E6}.Release|Any CPU.ActiveCfg = Release|Any CPU
		{0E26E85D-41FB-4422-AA23-BC0B474862E6}.Release|Any CPU.Build.0 = Release|Any CPU
		{46CCD34F-2EB9-4443-A05D-99DA158A5179}.Debug|Any CPU.ActiveCfg = Debug|Any CPU
		{46CCD34F-2EB9-4443-A05D-99DA158A5179}.Debug|Any CPU.Build.0 = Debug|Any CPU
		{46CCD34F-2EB9-4443-A05D-99DA158A5179}.Release|Any CPU.ActiveCfg = Release|Any CPU
		{46CCD34F-2EB9-4443-A05D-99DA158A5179}.Release|Any CPU.Build.0 = Release|Any CPU
	EndGlobalSection
	GlobalSection(SolutionProperties) = preSolution
		HideSolutionNode = FALSE
	EndGlobalSection
	GlobalSection(ExtensibilityGlobals) = postSolution
		SolutionGuid = {906A2BCC-95F6-4E60-B08A-0235373FB145}
	EndGlobalSection
EndGlobal
